
Microsoft Visual Studio Solution File, Format Version 12.00
# Visual Studio 15
VisualStudioVersion = 15.0.28307.271
MinimumVisualStudioVersion = 10.0.40219.1
Project("{2150E333-8FDC-42A3-9474-1A3956D46DE8}") = "Aplicacao", "Aplicacao", "{6ED61FE6-DA7A-4DE6-A359-7170A8C414DB}"
EndProject
Project("{2150E333-8FDC-42A3-9474-1A3956D46DE8}") = "RecursosCompartilhados", "RecursosCompartilhados", "{62DAC040-04B1-4C61-9746-BE2048FDF87B}"
EndProject
Project("{2150E333-8FDC-42A3-9474-1A3956D46DE8}") = "1 - Servicos", "1 - Servicos", "{29049A3D-2B63-42B3-BAAA-73D7E7007DB1}"
EndProject
Project("{2150E333-8FDC-42A3-9474-1A3956D46DE8}") = "2 - Aplicacao", "2 - Aplicacao", "{70516EA7-A1F7-43C9-BBFD-63F2BE4724AD}"
EndProject
Project("{2150E333-8FDC-42A3-9474-1A3956D46DE8}") = "3 - Dominio", "3 - Dominio", "{54A7E389-C3EB-4483-B40E-713BC06FA94E}"
EndProject
Project("{2150E333-8FDC-42A3-9474-1A3956D46DE8}") = "4 - Infra", "4 - Infra", "{85DEA53A-EF91-41B8-A518-1861CA43C14C}"
EndProject
Project("{9A19103F-16F7-4668-BE54-9A1E7A4F7556}") = "RecursosCompartilhados.WebApi", "RecursosCompartilhados\1 - Servicos\RecursosCompartilhados.WebApi\RecursosCompartilhados.WebApi.csproj", "{A993DEA1-1949-485E-A3F2-2D2D763FE0E4}"
EndProject
Project("{9A19103F-16F7-4668-BE54-9A1E7A4F7556}") = "RecursosCompartilhados.Aplicacao", "RecursosCompartilhados\2 - Aplicacao\RecursosCompartilhados.Aplicacao\RecursosCompartilhados.Aplicacao.csproj", "{918D45CE-A01C-4A16-A631-DCA95AA289E5}"
EndProject
Project("{9A19103F-16F7-4668-BE54-9A1E7A4F7556}") = "RecursosCompartilhados.Dados", "RecursosCompartilhados\4 - Infra\RecursosCompartilhados.Dados\RecursosCompartilhados.Dados.csproj", "{DA6972C5-5F91-4A7B-B4AE-768546A51BD4}"
EndProject
Project("{9A19103F-16F7-4668-BE54-9A1E7A4F7556}") = "RecursosCompartilhados.Dominio", "RecursosCompartilhados\3 - Dominio\RecursosCompartilhados.Dominio\RecursosCompartilhados.Dominio.csproj", "{D5FA653A-C6C5-45EF-A5A3-838B325A84D3}"
EndProject
Project("{9A19103F-16F7-4668-BE54-9A1E7A4F7556}") = "RecursosCompartilhados.Infra", "RecursosCompartilhados\4 - Infra\RecursosCompartilhados.Infra\RecursosCompartilhados.Infra.csproj", "{C2037997-BD98-494A-9A4D-D08BC40864DE}"
EndProject
Project("{2150E333-8FDC-42A3-9474-1A3956D46DE8}") = "1 - Servicos", "1 - Servicos", "{A9D28B76-099D-4BC4-867D-FD1B020BDC82}"
EndProject
Project("{2150E333-8FDC-42A3-9474-1A3956D46DE8}") = "2 - Aplicacao", "2 - Aplicacao", "{8789B6C5-0E4C-4ED4-9CEB-B065FBDC3789}"
EndProject
Project("{2150E333-8FDC-42A3-9474-1A3956D46DE8}") = "3 - Dominio", "3 - Dominio", "{54419EB3-0BDD-414E-A6CE-BFB5B9D77A0A}"
EndProject
Project("{2150E333-8FDC-42A3-9474-1A3956D46DE8}") = "4 - Infra", "4 - Infra", "{6B989D7F-9369-4B36-942B-5EB367A391DE}"
EndProject
Project("{FAE04EC0-301F-11D3-BF4B-00C04F79EFBC}") = "GP.Infra", "Aplicacao\4 - Infra\GP.Infra\GP.Infra.csproj", "{A8661A2E-C128-4307-A37F-5D2043A03279}"
EndProject
Project("{FAE04EC0-301F-11D3-BF4B-00C04F79EFBC}") = "GP.Dados", "Aplicacao\4 - Infra\GP.Dados\GP.Dados.csproj", "{DD19466A-ED3A-44FA-B59E-45182F29BA86}"
EndProject
Project("{FAE04EC0-301F-11D3-BF4B-00C04F79EFBC}") = "GP.Dominio", "Aplicacao\3 - Dominios\GP.Dominio\GP.Dominio.csproj", "{CAF84672-88B4-4382-9F93-ED08D645539C}"
EndProject
Project("{FAE04EC0-301F-11D3-BF4B-00C04F79EFBC}") = "GP.Aplicacao", "Aplicacao\2 - Aplicacao\GP.Aplicacao\GP.Aplicacao.csproj", "{CA158835-E4B0-4B7D-84DA-3C04FDCF1777}"
EndProject
Project("{FAE04EC0-301F-11D3-BF4B-00C04F79EFBC}") = "GP.WebApi", "Aplicacao\1 - Servicos\GP.WebApi\GP.WebApi.csproj", "{2EA13321-3F57-4812-8401-11403AA6979C}"
EndProject
Project("{9A19103F-16F7-4668-BE54-9A1E7A4F7556}") = "RecursosCompartilhados.DIConfiguration", "RecursosCompartilhados\4 - Infra\RecursosCompartilhados.DIConfiguration\RecursosCompartilhados.DIConfiguration.csproj", "{D1EB9C3D-4CDA-40E1-9678-4EBEA9E68314}"
EndProject
Global
	GlobalSection(SolutionConfigurationPlatforms) = preSolution
		Debug|Any CPU = Debug|Any CPU
		Release|Any CPU = Release|Any CPU
	EndGlobalSection
	GlobalSection(ProjectConfigurationPlatforms) = postSolution
		{A993DEA1-1949-485E-A3F2-2D2D763FE0E4}.Debug|Any CPU.ActiveCfg = Debug|Any CPU
		{A993DEA1-1949-485E-A3F2-2D2D763FE0E4}.Debug|Any CPU.Build.0 = Debug|Any CPU
		{A993DEA1-1949-485E-A3F2-2D2D763FE0E4}.Release|Any CPU.ActiveCfg = Release|Any CPU
		{A993DEA1-1949-485E-A3F2-2D2D763FE0E4}.Release|Any CPU.Build.0 = Release|Any CPU
		{918D45CE-A01C-4A16-A631-DCA95AA289E5}.Debug|Any CPU.ActiveCfg = Debug|Any CPU
		{918D45CE-A01C-4A16-A631-DCA95AA289E5}.Debug|Any CPU.Build.0 = Debug|Any CPU
		{918D45CE-A01C-4A16-A631-DCA95AA289E5}.Release|Any CPU.ActiveCfg = Release|Any CPU
		{918D45CE-A01C-4A16-A631-DCA95AA289E5}.Release|Any CPU.Build.0 = Release|Any CPU
		{DA6972C5-5F91-4A7B-B4AE-768546A51BD4}.Debug|Any CPU.ActiveCfg = Debug|Any CPU
		{DA6972C5-5F91-4A7B-B4AE-768546A51BD4}.Debug|Any CPU.Build.0 = Debug|Any CPU
		{DA6972C5-5F91-4A7B-B4AE-768546A51BD4}.Release|Any CPU.ActiveCfg = Release|Any CPU
		{DA6972C5-5F91-4A7B-B4AE-768546A51BD4}.Release|Any CPU.Build.0 = Release|Any CPU
		{D5FA653A-C6C5-45EF-A5A3-838B325A84D3}.Debug|Any CPU.ActiveCfg = Debug|Any CPU
		{D5FA653A-C6C5-45EF-A5A3-838B325A84D3}.Debug|Any CPU.Build.0 = Debug|Any CPU
		{D5FA653A-C6C5-45EF-A5A3-838B325A84D3}.Release|Any CPU.ActiveCfg = Release|Any CPU
		{D5FA653A-C6C5-45EF-A5A3-838B325A84D3}.Release|Any CPU.Build.0 = Release|Any CPU
		{C2037997-BD98-494A-9A4D-D08BC40864DE}.Debug|Any CPU.ActiveCfg = Debug|Any CPU
		{C2037997-BD98-494A-9A4D-D08BC40864DE}.Debug|Any CPU.Build.0 = Debug|Any CPU
		{C2037997-BD98-494A-9A4D-D08BC40864DE}.Release|Any CPU.ActiveCfg = Release|Any CPU
		{C2037997-BD98-494A-9A4D-D08BC40864DE}.Release|Any CPU.Build.0 = Release|Any CPU
		{A8661A2E-C128-4307-A37F-5D2043A03279}.Debug|Any CPU.ActiveCfg = Debug|Any CPU
		{A8661A2E-C128-4307-A37F-5D2043A03279}.Debug|Any CPU.Build.0 = Debug|Any CPU
		{A8661A2E-C128-4307-A37F-5D2043A03279}.Release|Any CPU.ActiveCfg = Release|Any CPU
		{A8661A2E-C128-4307-A37F-5D2043A03279}.Release|Any CPU.Build.0 = Release|Any CPU
		{DD19466A-ED3A-44FA-B59E-45182F29BA86}.Debug|Any CPU.ActiveCfg = Debug|Any CPU
		{DD19466A-ED3A-44FA-B59E-45182F29BA86}.Debug|Any CPU.Build.0 = Debug|Any CPU
		{DD19466A-ED3A-44FA-B59E-45182F29BA86}.Release|Any CPU.ActiveCfg = Release|Any CPU
		{DD19466A-ED3A-44FA-B59E-45182F29BA86}.Release|Any CPU.Build.0 = Release|Any CPU
		{CAF84672-88B4-4382-9F93-ED08D645539C}.Debug|Any CPU.ActiveCfg = Debug|Any CPU
		{CAF84672-88B4-4382-9F93-ED08D645539C}.Debug|Any CPU.Build.0 = Debug|Any CPU
		{CAF84672-88B4-4382-9F93-ED08D645539C}.Release|Any CPU.ActiveCfg = Release|Any CPU
		{CAF84672-88B4-4382-9F93-ED08D645539C}.Release|Any CPU.Build.0 = Release|Any CPU
		{CA158835-E4B0-4B7D-84DA-3C04FDCF1777}.Debug|Any CPU.ActiveCfg = Debug|Any CPU
		{CA158835-E4B0-4B7D-84DA-3C04FDCF1777}.Debug|Any CPU.Build.0 = Debug|Any CPU
		{CA158835-E4B0-4B7D-84DA-3C04FDCF1777}.Release|Any CPU.ActiveCfg = Release|Any CPU
		{CA158835-E4B0-4B7D-84DA-3C04FDCF1777}.Release|Any CPU.Build.0 = Release|Any CPU
		{2EA13321-3F57-4812-8401-11403AA6979C}.Debug|Any CPU.ActiveCfg = Debug|Any CPU
		{2EA13321-3F57-4812-8401-11403AA6979C}.Debug|Any CPU.Build.0 = Debug|Any CPU
		{2EA13321-3F57-4812-8401-11403AA6979C}.Release|Any CPU.ActiveCfg = Release|Any CPU
		{2EA13321-3F57-4812-8401-11403AA6979C}.Release|Any CPU.Build.0 = Release|Any CPU
		{D1EB9C3D-4CDA-40E1-9678-4EBEA9E68314}.Debug|Any CPU.ActiveCfg = Debug|Any CPU
		{D1EB9C3D-4CDA-40E1-9678-4EBEA9E68314}.Debug|Any CPU.Build.0 = Debug|Any CPU
		{D1EB9C3D-4CDA-40E1-9678-4EBEA9E68314}.Release|Any CPU.ActiveCfg = Release|Any CPU
		{D1EB9C3D-4CDA-40E1-9678-4EBEA9E68314}.Release|Any CPU.Build.0 = Release|Any CPU
	EndGlobalSection
	GlobalSection(SolutionProperties) = preSolution
		HideSolutionNode = FALSE
	EndGlobalSection
	GlobalSection(NestedProjects) = preSolution
		{29049A3D-2B63-42B3-BAAA-73D7E7007DB1} = {62DAC040-04B1-4C61-9746-BE2048FDF87B}
		{70516EA7-A1F7-43C9-BBFD-63F2BE4724AD} = {62DAC040-04B1-4C61-9746-BE2048FDF87B}
		{54A7E389-C3EB-4483-B40E-713BC06FA94E} = {62DAC040-04B1-4C61-9746-BE2048FDF87B}
		{85DEA53A-EF91-41B8-A518-1861CA43C14C} = {62DAC040-04B1-4C61-9746-BE2048FDF87B}
		{A993DEA1-1949-485E-A3F2-2D2D763FE0E4} = {29049A3D-2B63-42B3-BAAA-73D7E7007DB1}
		{918D45CE-A01C-4A16-A631-DCA95AA289E5} = {70516EA7-A1F7-43C9-BBFD-63F2BE4724AD}
		{DA6972C5-5F91-4A7B-B4AE-768546A51BD4} = {85DEA53A-EF91-41B8-A518-1861CA43C14C}
		{D5FA653A-C6C5-45EF-A5A3-838B325A84D3} = {54A7E389-C3EB-4483-B40E-713BC06FA94E}
		{C2037997-BD98-494A-9A4D-D08BC40864DE} = {85DEA53A-EF91-41B8-A518-1861CA43C14C}
		{A9D28B76-099D-4BC4-867D-FD1B020BDC82} = {6ED61FE6-DA7A-4DE6-A359-7170A8C414DB}
		{8789B6C5-0E4C-4ED4-9CEB-B065FBDC3789} = {6ED61FE6-DA7A-4DE6-A359-7170A8C414DB}
		{54419EB3-0BDD-414E-A6CE-BFB5B9D77A0A} = {6ED61FE6-DA7A-4DE6-A359-7170A8C414DB}
		{6B989D7F-9369-4B36-942B-5EB367A391DE} = {6ED61FE6-DA7A-4DE6-A359-7170A8C414DB}
		{A8661A2E-C128-4307-A37F-5D2043A03279} = {6B989D7F-9369-4B36-942B-5EB367A391DE}
		{DD19466A-ED3A-44FA-B59E-45182F29BA86} = {6B989D7F-9369-4B36-942B-5EB367A391DE}
		{CAF84672-88B4-4382-9F93-ED08D645539C} = {54419EB3-0BDD-414E-A6CE-BFB5B9D77A0A}
		{CA158835-E4B0-4B7D-84DA-3C04FDCF1777} = {8789B6C5-0E4C-4ED4-9CEB-B065FBDC3789}
		{2EA13321-3F57-4812-8401-11403AA6979C} = {A9D28B76-099D-4BC4-867D-FD1B020BDC82}
		{D1EB9C3D-4CDA-40E1-9678-4EBEA9E68314} = {85DEA53A-EF91-41B8-A518-1861CA43C14C}
	EndGlobalSection
	GlobalSection(ExtensibilityGlobals) = postSolution
		SolutionGuid = {D4DA9B10-36E0-498E-BC42-D1795F3212ED}
	EndGlobalSection
EndGlobal
